
Microsoft Visual Studio Solution File, Format Version 12.00
# Visual Studio Version 17
VisualStudioVersion = 17.4.33403.182
MinimumVisualStudioVersion = 10.0.40219.1
Project("{9A19103F-16F7-4668-BE54-9A1E7A4F7556}") = "ClassesAndStructures_6.2", "ClassesAndStructures_6.2\ClassesAndStructures_6.2.csproj", "{76B1A43F-6989-4DD3-B89D-B09F806AC425}"
EndProject
Project("{9A19103F-16F7-4668-BE54-9A1E7A4F7556}") = "ScreenCast_6.3", "ScreenCast_6.3\ScreenCast_6.3.csproj", "{2505AAE4-54B8-4B94-B48A-3D75C950746A}"
EndProject
Project("{9A19103F-16F7-4668-BE54-9A1E7A4F7556}") = "Task_6.3.1", "Task_6.3.1\Task_6.3.1.csproj", "{AF115D28-C46A-4B86-850E-C6DEF67811D5}"
EndProject
Project("{9A19103F-16F7-4668-BE54-9A1E7A4F7556}") = "Task_6.3.2", "Task_6.3.2\Task_6.3.2.csproj", "{191DF959-C1A4-453D-843A-C13B3509B2A5}"
EndProject
Project("{9A19103F-16F7-4668-BE54-9A1E7A4F7556}") = "BoxingUnboxing_6.4", "BoxingUnboxing_6.4\BoxingUnboxing_6.4.csproj", "{754B5A11-E93C-41C4-8619-37135AF8EFC4}"
EndProject
Project("{9A19103F-16F7-4668-BE54-9A1E7A4F7556}") = "ScreenCast_6.5", "ScreenCast_6.5\ScreenCast_6.5.csproj", "{A05505E6-B38C-452C-B721-6E10897B3B34}"
EndProject
Project("{9A19103F-16F7-4668-BE54-9A1E7A4F7556}") = "Task_6.5.2", "Task_6.5.2\Task_6.5.2.csproj", "{B16C28A5-481E-4A27-9FD1-00A77594AC87}"
EndProject
Project("{FAE04EC0-301F-11D3-BF4B-00C04F79EFBC}") = "PracticeIncapsulation_6.6", "PracticeIncapsulation_6.6\PracticeIncapsulation_6.6.csproj", "{120F2745-2CBE-4040-A06B-7BEF3A6DCA86}"
EndProject
Project("{FAE04EC0-301F-11D3-BF4B-00C04F79EFBC}") = "Task_6.6.1", "Task_6.6.1\Task_6.6.1.csproj", "{D992F5A3-FE74-4ACB-80ED-06E0B77BBC15}"
EndProject
Project("{FAE04EC0-301F-11D3-BF4B-00C04F79EFBC}") = "Properties_6.6.1", "Properties_6.6.1\Properties_6.6.1.csproj", "{A3B9FD59-8F30-4A4F-B249-25587B2BCB3A}"
EndProject
Global
	GlobalSection(SolutionConfigurationPlatforms) = preSolution
		Debug|Any CPU = Debug|Any CPU
		Release|Any CPU = Release|Any CPU
	EndGlobalSection
	GlobalSection(ProjectConfigurationPlatforms) = postSolution
		{76B1A43F-6989-4DD3-B89D-B09F806AC425}.Debug|Any CPU.ActiveCfg = Debug|Any CPU
		{76B1A43F-6989-4DD3-B89D-B09F806AC425}.Debug|Any CPU.Build.0 = Debug|Any CPU
		{76B1A43F-6989-4DD3-B89D-B09F806AC425}.Release|Any CPU.ActiveCfg = Release|Any CPU
		{76B1A43F-6989-4DD3-B89D-B09F806AC425}.Release|Any CPU.Build.0 = Release|Any CPU
		{2505AAE4-54B8-4B94-B48A-3D75C950746A}.Debug|Any CPU.ActiveCfg = Debug|Any CPU
		{2505AAE4-54B8-4B94-B48A-3D75C950746A}.Debug|Any CPU.Build.0 = Debug|Any CPU
		{2505AAE4-54B8-4B94-B48A-3D75C950746A}.Release|Any CPU.ActiveCfg = Release|Any CPU
		{2505AAE4-54B8-4B94-B48A-3D75C950746A}.Release|Any CPU.Build.0 = Release|Any CPU
		{AF115D28-C46A-4B86-850E-C6DEF67811D5}.Debug|Any CPU.ActiveCfg = Debug|Any CPU
		{AF115D28-C46A-4B86-850E-C6DEF67811D5}.Debug|Any CPU.Build.0 = Debug|Any CPU
		{AF115D28-C46A-4B86-850E-C6DEF67811D5}.Release|Any CPU.ActiveCfg = Release|Any CPU
		{AF115D28-C46A-4B86-850E-C6DEF67811D5}.Release|Any CPU.Build.0 = Release|Any CPU
		{191DF959-C1A4-453D-843A-C13B3509B2A5}.Debug|Any CPU.ActiveCfg = Debug|Any CPU
		{191DF959-C1A4-453D-843A-C13B3509B2A5}.Debug|Any CPU.Build.0 = Debug|Any CPU
		{191DF959-C1A4-453D-843A-C13B3509B2A5}.Release|Any CPU.ActiveCfg = Release|Any CPU
		{191DF959-C1A4-453D-843A-C13B3509B2A5}.Release|Any CPU.Build.0 = Release|Any CPU
		{754B5A11-E93C-41C4-8619-37135AF8EFC4}.Debug|Any CPU.ActiveCfg = Debug|Any CPU
		{754B5A11-E93C-41C4-8619-37135AF8EFC4}.Debug|Any CPU.Build.0 = Debug|Any CPU
		{754B5A11-E93C-41C4-8619-37135AF8EFC4}.Release|Any CPU.ActiveCfg = Release|Any CPU
		{754B5A11-E93C-41C4-8619-37135AF8EFC4}.Release|Any CPU.Build.0 = Release|Any CPU
		{A05505E6-B38C-452C-B721-6E10897B3B34}.Debug|Any CPU.ActiveCfg = Debug|Any CPU
		{A05505E6-B38C-452C-B721-6E10897B3B34}.Debug|Any CPU.Build.0 = Debug|Any CPU
		{A05505E6-B38C-452C-B721-6E10897B3B34}.Release|Any CPU.ActiveCfg = Release|Any CPU
		{A05505E6-B38C-452C-B721-6E10897B3B34}.Release|Any CPU.Build.0 = Release|Any CPU
		{B16C28A5-481E-4A27-9FD1-00A77594AC87}.Debug|Any CPU.ActiveCfg = Debug|Any CPU
		{B16C28A5-481E-4A27-9FD1-00A77594AC87}.Debug|Any CPU.Build.0 = Debug|Any CPU
		{B16C28A5-481E-4A27-9FD1-00A77594AC87}.Release|Any CPU.ActiveCfg = Release|Any CPU
		{B16C28A5-481E-4A27-9FD1-00A77594AC87}.Release|Any CPU.Build.0 = Release|Any CPU
		{120F2745-2CBE-4040-A06B-7BEF3A6DCA86}.Debug|Any CPU.ActiveCfg = Debug|Any CPU
		{120F2745-2CBE-4040-A06B-7BEF3A6DCA86}.Debug|Any CPU.Build.0 = Debug|Any CPU
		{120F2745-2CBE-4040-A06B-7BEF3A6DCA86}.Release|Any CPU.ActiveCfg = Release|Any CPU
		{120F2745-2CBE-4040-A06B-7BEF3A6DCA86}.Release|Any CPU.Build.0 = Release|Any CPU
		{D992F5A3-FE74-4ACB-80ED-06E0B77BBC15}.Debug|Any CPU.ActiveCfg = Debug|Any CPU
		{D992F5A3-FE74-4ACB-80ED-06E0B77BBC15}.Debug|Any CPU.Build.0 = Debug|Any CPU
		{D992F5A3-FE74-4ACB-80ED-06E0B77BBC15}.Release|Any CPU.ActiveCfg = Release|Any CPU
		{D992F5A3-FE74-4ACB-80ED-06E0B77BBC15}.Release|Any CPU.Build.0 = Release|Any CPU
		{A3B9FD59-8F30-4A4F-B249-25587B2BCB3A}.Debug|Any CPU.ActiveCfg = Debug|Any CPU
		{A3B9FD59-8F30-4A4F-B249-25587B2BCB3A}.Debug|Any CPU.Build.0 = Debug|Any CPU
		{A3B9FD59-8F30-4A4F-B249-25587B2BCB3A}.Release|Any CPU.ActiveCfg = Release|Any CPU
		{A3B9FD59-8F30-4A4F-B249-25587B2BCB3A}.Release|Any CPU.Build.0 = Release|Any CPU
	EndGlobalSection
	GlobalSection(SolutionProperties) = preSolution
		HideSolutionNode = FALSE
	EndGlobalSection
	GlobalSection(ExtensibilityGlobals) = postSolution
		SolutionGuid = {CC29E16A-436C-4728-AAD8-08B0BEA1C819}
	EndGlobalSection
EndGlobal
